
Microsoft Visual Studio Solution File, Format Version 12.00
# Visual Studio Version 16
VisualStudioVersion = 16.0.29409.12
MinimumVisualStudioVersion = 10.0.40219.1
Project("{FAE04EC0-301F-11D3-BF4B-00C04F79EFBC}") = "Ejercicio1", "Tarea\Ejercicio1.csproj", "{7C8C0781-AABB-48EB-8FA8-BAE71DE98AA8}"
EndProject
Project("{FAE04EC0-301F-11D3-BF4B-00C04F79EFBC}") = "Ejercicio3", "Ejercicio2\Ejercicio3.csproj", "{2E3AD340-CDD0-4A83-9912-973E329F8F80}"
EndProject
Project("{FAE04EC0-301F-11D3-BF4B-00C04F79EFBC}") = "DECORADOR", "DECORADOR\DECORADOR.csproj", "{80B6452B-EC5D-4B07-96AB-38B045C81C4B}"
EndProject
Project("{FAE04EC0-301F-11D3-BF4B-00C04F79EFBC}") = "EJERCICIO4", "EJERCICIO4\EJERCICIO4.csproj", "{DC7E57ED-FA5B-4621-94AF-F70E5F914845}"
EndProject
Global
	GlobalSection(SolutionConfigurationPlatforms) = preSolution
		Debug|Any CPU = Debug|Any CPU
		Release|Any CPU = Release|Any CPU
	EndGlobalSection
	GlobalSection(ProjectConfigurationPlatforms) = postSolution
		{7C8C0781-AABB-48EB-8FA8-BAE71DE98AA8}.Debug|Any CPU.ActiveCfg = Debug|Any CPU
		{7C8C0781-AABB-48EB-8FA8-BAE71DE98AA8}.Debug|Any CPU.Build.0 = Debug|Any CPU
		{7C8C0781-AABB-48EB-8FA8-BAE71DE98AA8}.Release|Any CPU.ActiveCfg = Release|Any CPU
		{7C8C0781-AABB-48EB-8FA8-BAE71DE98AA8}.Release|Any CPU.Build.0 = Release|Any CPU
		{2E3AD340-CDD0-4A83-9912-973E329F8F80}.Debug|Any CPU.ActiveCfg = Debug|Any CPU
		{2E3AD340-CDD0-4A83-9912-973E329F8F80}.Debug|Any CPU.Build.0 = Debug|Any CPU
		{2E3AD340-CDD0-4A83-9912-973E329F8F80}.Release|Any CPU.ActiveCfg = Release|Any CPU
		{2E3AD340-CDD0-4A83-9912-973E329F8F80}.Release|Any CPU.Build.0 = Release|Any CPU
		{80B6452B-EC5D-4B07-96AB-38B045C81C4B}.Debug|Any CPU.ActiveCfg = Debug|Any CPU
		{80B6452B-EC5D-4B07-96AB-38B045C81C4B}.Debug|Any CPU.Build.0 = Debug|Any CPU
		{80B6452B-EC5D-4B07-96AB-38B045C81C4B}.Release|Any CPU.ActiveCfg = Release|Any CPU
		{80B6452B-EC5D-4B07-96AB-38B045C81C4B}.Release|Any CPU.Build.0 = Release|Any CPU
		{DC7E57ED-FA5B-4621-94AF-F70E5F914845}.Debug|Any CPU.ActiveCfg = Debug|Any CPU
		{DC7E57ED-FA5B-4621-94AF-F70E5F914845}.Debug|Any CPU.Build.0 = Debug|Any CPU
		{DC7E57ED-FA5B-4621-94AF-F70E5F914845}.Release|Any CPU.ActiveCfg = Release|Any CPU
		{DC7E57ED-FA5B-4621-94AF-F70E5F914845}.Release|Any CPU.Build.0 = Release|Any CPU
	EndGlobalSection
	GlobalSection(SolutionProperties) = preSolution
		HideSolutionNode = FALSE
	EndGlobalSection
	GlobalSection(ExtensibilityGlobals) = postSolution
		SolutionGuid = {4B709954-C364-48B1-83EA-D790781073EE}
	EndGlobalSection
EndGlobal
